// !$*UTF8*$!
{
	archiveVersion = 1;
	classes = {
	};
	objectVersion = 46;
	objects = {

/* Begin PBXBuildFile section */
		18A004931464CF100015EC68 /* UIKit.framework in Frameworks */ = {isa = PBXBuildFile; fileRef = 18A004921464CF100015EC68 /* UIKit.framework */; };
		18A004951464CF100015EC68 /* Foundation.framework in Frameworks */ = {isa = PBXBuildFile; fileRef = 18A004941464CF100015EC68 /* Foundation.framework */; };
		18A004971464CF100015EC68 /* CoreGraphics.framework in Frameworks */ = {isa = PBXBuildFile; fileRef = 18A004961464CF100015EC68 /* CoreGraphics.framework */; };
		18A0049D1464CF100015EC68 /* InfoPlist.strings in Resources */ = {isa = PBXBuildFile; fileRef = 18A0049B1464CF100015EC68 /* InfoPlist.strings */; };
		18A004A61464CF110015EC68 /* MainStoryboard_iPhone.storyboard in Resources */ = {isa = PBXBuildFile; fileRef = 18A004A41464CF110015EC68 /* MainStoryboard_iPhone.storyboard */; };
		18A004A91464CF110015EC68 /* MainStoryboard_iPad.storyboard in Resources */ = {isa = PBXBuildFile; fileRef = 18A004A71464CF110015EC68 /* MainStoryboard_iPad.storyboard */; };
		18A004BF1464CF110015EC68 /* SenTestingKit.framework in Frameworks */ = {isa = PBXBuildFile; fileRef = 18A004BE1464CF110015EC68 /* SenTestingKit.framework */; };
		18A004C01464CF110015EC68 /* UIKit.framework in Frameworks */ = {isa = PBXBuildFile; fileRef = 18A004921464CF100015EC68 /* UIKit.framework */; };
		18A004C11464CF110015EC68 /* Foundation.framework in Frameworks */ = {isa = PBXBuildFile; fileRef = 18A004941464CF100015EC68 /* Foundation.framework */; };
		18A004C91464CF110015EC68 /* InfoPlist.strings in Resources */ = {isa = PBXBuildFile; fileRef = 18A004C71464CF110015EC68 /* InfoPlist.strings */; };
		18A004CC1464CF110015EC68 /* _PaoPaoTests.m in Sources */ = {isa = PBXBuildFile; fileRef = 18A004CB1464CF110015EC68 /* _PaoPaoTests.m */; };
		337081581469068A004B2645 /* SearchNearbyViewController.m in Sources */ = {isa = PBXBuildFile; fileRef = 337081571469068A004B2645 /* SearchNearbyViewController.m */; };
		33708193146938CD004B2645 /* PaoPaoCommon.m in Sources */ = {isa = PBXBuildFile; fileRef = 33708192146938CD004B2645 /* PaoPaoCommon.m */; };
		3395E66F146A0FED00733469 /* MainSegmentViewController.m in Sources */ = {isa = PBXBuildFile; fileRef = 3395E66E146A0FED00733469 /* MainSegmentViewController.m */; };
		3395E6C1146A68F300733469 /* MainViewController.m in Sources */ = {isa = PBXBuildFile; fileRef = 3395E6C0146A68F100733469 /* MainViewController.m */; };
		3395E6C5146A690B00733469 /* MainViewCell.m in Sources */ = {isa = PBXBuildFile; fileRef = 3395E6C4146A690B00733469 /* MainViewCell.m */; };
		339E66DF1467DA260097747E /* Localizable.strings in Resources */ = {isa = PBXBuildFile; fileRef = 339E66DE1467DA260097747E /* Localizable.strings */; };
		33A9F29F146BA928004F55DE /* PopoverPickerViewController.m in Sources */ = {isa = PBXBuildFile; fileRef = 33A9F29E146BA926004F55DE /* PopoverPickerViewController.m */; };
		33A9F34A146BD350004F55DE /* tab-friend-selected.png in Resources */ = {isa = PBXBuildFile; fileRef = 33A9F328146BD350004F55DE /* tab-friend-selected.png */; };
		33A9F34B146BD350004F55DE /* tab-friend.png in Resources */ = {isa = PBXBuildFile; fileRef = 33A9F329146BD350004F55DE /* tab-friend.png */; };
		33A9F34C146BD350004F55DE /* tab-home-selected.png in Resources */ = {isa = PBXBuildFile; fileRef = 33A9F32A146BD350004F55DE /* tab-home-selected.png */; };
		33A9F34D146BD350004F55DE /* tab-home.png in Resources */ = {isa = PBXBuildFile; fileRef = 33A9F32B146BD350004F55DE /* tab-home.png */; };
		33A9F34E146BD350004F55DE /* tab-live-feed-selected.png in Resources */ = {isa = PBXBuildFile; fileRef = 33A9F32C146BD350004F55DE /* tab-live-feed-selected.png */; };
		33A9F34F146BD350004F55DE /* tab-live-feed.png in Resources */ = {isa = PBXBuildFile; fileRef = 33A9F32D146BD350004F55DE /* tab-live-feed.png */; };
		33A9F350146BD350004F55DE /* tab-my-profile-selected.png in Resources */ = {isa = PBXBuildFile; fileRef = 33A9F32E146BD350004F55DE /* tab-my-profile-selected.png */; };
		33A9F351146BD350004F55DE /* tab-my-profile.png in Resources */ = {isa = PBXBuildFile; fileRef = 33A9F32F146BD350004F55DE /* tab-my-profile.png */; };
		33A9F352146BD350004F55DE /* tab-search-selected.png in Resources */ = {isa = PBXBuildFile; fileRef = 33A9F330146BD350004F55DE /* tab-search-selected.png */; };
		33A9F353146BD350004F55DE /* tab-search.png in Resources */ = {isa = PBXBuildFile; fileRef = 33A9F331146BD350004F55DE /* tab-search.png */; };
		33A9F354146BD350004F55DE /* bad.png in Resources */ = {isa = PBXBuildFile; fileRef = 33A9F333146BD350004F55DE /* bad.png */; };
		33A9F355146BD350004F55DE /* bar-details-bg.png in Resources */ = {isa = PBXBuildFile; fileRef = 33A9F334146BD350004F55DE /* bar-details-bg.png */; };
		33A9F356146BD350004F55DE /* bar-icon-bg.png in Resources */ = {isa = PBXBuildFile; fileRef = 33A9F335146BD350004F55DE /* bar-icon-bg.png */; };
		33A9F357146BD350004F55DE /* bar-info-bg.png in Resources */ = {isa = PBXBuildFile; fileRef = 33A9F336146BD350004F55DE /* bar-info-bg.png */; };
		33A9F358146BD350004F55DE /* bar-map-bg.png in Resources */ = {isa = PBXBuildFile; fileRef = 33A9F337146BD350004F55DE /* bar-map-bg.png */; };
		33A9F359146BD350004F55DE /* friends-icon-bg.png in Resources */ = {isa = PBXBuildFile; fileRef = 33A9F338146BD350004F55DE /* friends-icon-bg.png */; };
		33A9F35A146BD350004F55DE /* good.png in Resources */ = {isa = PBXBuildFile; fileRef = 33A9F339146BD350004F55DE /* good.png */; };
		33A9F35B146BD350004F55DE /* grey-star.png in Resources */ = {isa = PBXBuildFile; fileRef = 33A9F33A146BD350004F55DE /* grey-star.png */; };
		33A9F35C146BD350004F55DE /* search-alcohol-selected.png in Resources */ = {isa = PBXBuildFile; fileRef = 33A9F33B146BD350004F55DE /* search-alcohol-selected.png */; };
		33A9F35D146BD350004F55DE /* search-alcohol.png in Resources */ = {isa = PBXBuildFile; fileRef = 33A9F33C146BD350004F55DE /* search-alcohol.png */; };
		33A9F35E146BD350004F55DE /* search-bg.png in Resources */ = {isa = PBXBuildFile; fileRef = 33A9F33D146BD350004F55DE /* search-bg.png */; };
		33A9F35F146BD350004F55DE /* search-friends-selected.png in Resources */ = {isa = PBXBuildFile; fileRef = 33A9F33E146BD350004F55DE /* search-friends-selected.png */; };
		33A9F360146BD350004F55DE /* search-friends.png in Resources */ = {isa = PBXBuildFile; fileRef = 33A9F33F146BD350004F55DE /* search-friends.png */; };
		33A9F361146BD350004F55DE /* search-place-selected.png in Resources */ = {isa = PBXBuildFile; fileRef = 33A9F340146BD350004F55DE /* search-place-selected.png */; };
		33A9F362146BD350004F55DE /* search-place.png in Resources */ = {isa = PBXBuildFile; fileRef = 33A9F341146BD350004F55DE /* search-place.png */; };
		33A9F363146BD350004F55DE /* star.png in Resources */ = {isa = PBXBuildFile; fileRef = 33A9F342146BD350004F55DE /* star.png */; };
		33A9F364146BD350004F55DE /* Thumbs.db in Resources */ = {isa = PBXBuildFile; fileRef = 33A9F343146BD350004F55DE /* Thumbs.db */; };
		33A9F365146BD350004F55DE /* upload-selected.png in Resources */ = {isa = PBXBuildFile; fileRef = 33A9F344146BD350004F55DE /* upload-selected.png */; };
		33A9F366146BD350004F55DE /* upload.png in Resources */ = {isa = PBXBuildFile; fileRef = 33A9F345146BD350004F55DE /* upload.png */; };
		33A9F367146BD350004F55DE /* upload1-selected.png in Resources */ = {isa = PBXBuildFile; fileRef = 33A9F346146BD350004F55DE /* upload1-selected.png */; };
		33A9F368146BD350004F55DE /* upload2.png in Resources */ = {isa = PBXBuildFile; fileRef = 33A9F347146BD350004F55DE /* upload2.png */; };
		33A9F369146BD350004F55DE /* wine-detail.png in Resources */ = {isa = PBXBuildFile; fileRef = 33A9F348146BD350004F55DE /* wine-detail.png */; };
		33A9F36A146BD350004F55DE /* wine-icon-bg.png in Resources */ = {isa = PBXBuildFile; fileRef = 33A9F349146BD350004F55DE /* wine-icon-bg.png */; };
		33A9F378146BD3A2004F55DE /* beer.png in Resources */ = {isa = PBXBuildFile; fileRef = 33A9F36B146BD3A2004F55DE /* beer.png */; };
		33A9F379146BD3A2004F55DE /* cocktail.png in Resources */ = {isa = PBXBuildFile; fileRef = 33A9F36C146BD3A2004F55DE /* cocktail.png */; };
		33A9F37A146BD3A2004F55DE /* grey-bg.png in Resources */ = {isa = PBXBuildFile; fileRef = 33A9F36D146BD3A2004F55DE /* grey-bg.png */; };
		33A9F37B146BD3A2004F55DE /* header-bg.png in Resources */ = {isa = PBXBuildFile; fileRef = 33A9F36E146BD3A2004F55DE /* header-bg.png */; };
		33A9F37C146BD3A2004F55DE /* login.png in Resources */ = {isa = PBXBuildFile; fileRef = 33A9F36F146BD3A2004F55DE /* login.png */; };
		33A9F37D146BD3A2004F55DE /* nav-bg.png in Resources */ = {isa = PBXBuildFile; fileRef = 33A9F370146BD3A2004F55DE /* nav-bg.png */; };
		33A9F37E146BD3A2004F55DE /* nav-gap.png in Resources */ = {isa = PBXBuildFile; fileRef = 33A9F371146BD3A2004F55DE /* nav-gap.png */; };
		33A9F37F146BD3A2004F55DE /* nav-hover.png in Resources */ = {isa = PBXBuildFile; fileRef = 33A9F372146BD3A2004F55DE /* nav-hover.png */; };
		33A9F380146BD3A2004F55DE /* pink-bg.png in Resources */ = {isa = PBXBuildFile; fileRef = 33A9F373146BD3A2004F55DE /* pink-bg.png */; };
		33A9F381146BD3A2004F55DE /* register.png in Resources */ = {isa = PBXBuildFile; fileRef = 33A9F374146BD3A2004F55DE /* register.png */; };
		33A9F382146BD3A2004F55DE /* right-arrow.png in Resources */ = {isa = PBXBuildFile; fileRef = 33A9F375146BD3A2004F55DE /* right-arrow.png */; };
		33A9F383146BD3A2004F55DE /* send.png in Resources */ = {isa = PBXBuildFile; fileRef = 33A9F376146BD3A2004F55DE /* send.png */; };
		33A9F384146BD3A2004F55DE /* white-bg.png in Resources */ = {isa = PBXBuildFile; fileRef = 33A9F377146BD3A2004F55DE /* white-bg.png */; };
		33C4BC42146CB2ED00A09952 /* StarMarkView.m in Sources */ = {isa = PBXBuildFile; fileRef = 33C4BC41146CB2ED00A09952 /* StarMarkView.m */; };
		33D4DF681467CD0D00CFE105 /* main.m in Sources */ = {isa = PBXBuildFile; fileRef = 33D4DF661467CD0D00CFE105 /* main.m */; };
		33D4DF701467CD3400CFE105 /* AppDelegate.m in Sources */ = {isa = PBXBuildFile; fileRef = 33D4DF6D1467CD3400CFE105 /* AppDelegate.m */; };
		33D4DF831467D24100CFE105 /* GatewayViewController.m in Sources */ = {isa = PBXBuildFile; fileRef = 33D4DF821467D24100CFE105 /* GatewayViewController.m */; };
		930EC530146A8526000A675D /* TellFavoriteViewController.m in Sources */ = {isa = PBXBuildFile; fileRef = 930EC52F146A8526000A675D /* TellFavoriteViewController.m */; };
		93B35129146BE79300B25A0C /* BarDetail.m in Sources */ = {isa = PBXBuildFile; fileRef = 93B35128146BE79300B25A0C /* BarDetail.m */; };
		93B35135146BEEF500B25A0C /* BarDetailViewController.m in Sources */ = {isa = PBXBuildFile; fileRef = 93B35134146BEEF500B25A0C /* BarDetailViewController.m */; };
		93B35138146BEF1500B25A0C /* BarDetailCell.m in Sources */ = {isa = PBXBuildFile; fileRef = 93B35137146BEF1500B25A0C /* BarDetailCell.m */; };
/* End PBXBuildFile section */

/* Begin PBXContainerItemProxy section */
		18A004C21464CF110015EC68 /* PBXContainerItemProxy */ = {
			isa = PBXContainerItemProxy;
			containerPortal = 18A004851464CF100015EC68 /* Project object */;
			proxyType = 1;
			remoteGlobalIDString = 18A0048D1464CF100015EC68;
			remoteInfo = 9PaoPao;
		};
/* End PBXContainerItemProxy section */

/* Begin PBXFileReference section */
		18A0048E1464CF100015EC68 /* 9PaoPao.app */ = {isa = PBXFileReference; explicitFileType = wrapper.application; includeInIndex = 0; path = 9PaoPao.app; sourceTree = BUILT_PRODUCTS_DIR; };
		18A004921464CF100015EC68 /* UIKit.framework */ = {isa = PBXFileReference; lastKnownFileType = wrapper.framework; name = UIKit.framework; path = System/Library/Frameworks/UIKit.framework; sourceTree = SDKROOT; };
		18A004941464CF100015EC68 /* Foundation.framework */ = {isa = PBXFileReference; lastKnownFileType = wrapper.framework; name = Foundation.framework; path = System/Library/Frameworks/Foundation.framework; sourceTree = SDKROOT; };
		18A004961464CF100015EC68 /* CoreGraphics.framework */ = {isa = PBXFileReference; lastKnownFileType = wrapper.framework; name = CoreGraphics.framework; path = System/Library/Frameworks/CoreGraphics.framework; sourceTree = SDKROOT; };
		18A0049C1464CF100015EC68 /* en */ = {isa = PBXFileReference; fileEncoding = 4; lastKnownFileType = text.plist.strings; name = en; path = en.lproj/InfoPlist.strings; sourceTree = "<group>"; };
		18A004A51464CF110015EC68 /* en */ = {isa = PBXFileReference; lastKnownFileType = text.xml; name = en; path = en.lproj/MainStoryboard_iPhone.storyboard; sourceTree = "<group>"; };
		18A004A81464CF110015EC68 /* en */ = {isa = PBXFileReference; lastKnownFileType = text.xml; name = en; path = en.lproj/MainStoryboard_iPad.storyboard; sourceTree = "<group>"; };
		18A004BD1464CF110015EC68 /* 9PaoPaoTests.octest */ = {isa = PBXFileReference; explicitFileType = wrapper.cfbundle; includeInIndex = 0; path = 9PaoPaoTests.octest; sourceTree = BUILT_PRODUCTS_DIR; };
		18A004BE1464CF110015EC68 /* SenTestingKit.framework */ = {isa = PBXFileReference; lastKnownFileType = wrapper.framework; name = SenTestingKit.framework; path = Library/Frameworks/SenTestingKit.framework; sourceTree = DEVELOPER_DIR; };
		18A004C61464CF110015EC68 /* 9PaoPaoTests-Info.plist */ = {isa = PBXFileReference; lastKnownFileType = text.plist.xml; path = "9PaoPaoTests-Info.plist"; sourceTree = "<group>"; };
		18A004C81464CF110015EC68 /* en */ = {isa = PBXFileReference; lastKnownFileType = text.plist.strings; name = en; path = en.lproj/InfoPlist.strings; sourceTree = "<group>"; };
		18A004CA1464CF110015EC68 /* _PaoPaoTests.h */ = {isa = PBXFileReference; lastKnownFileType = sourcecode.c.h; path = _PaoPaoTests.h; sourceTree = "<group>"; };
		18A004CB1464CF110015EC68 /* _PaoPaoTests.m */ = {isa = PBXFileReference; lastKnownFileType = sourcecode.c.objc; path = _PaoPaoTests.m; sourceTree = "<group>"; };
		337081561469068A004B2645 /* SearchNearbyViewController.h */ = {isa = PBXFileReference; fileEncoding = 4; lastKnownFileType = sourcecode.c.h; path = SearchNearbyViewController.h; sourceTree = "<group>"; };
		337081571469068A004B2645 /* SearchNearbyViewController.m */ = {isa = PBXFileReference; fileEncoding = 4; lastKnownFileType = sourcecode.c.objc; path = SearchNearbyViewController.m; sourceTree = "<group>"; };
		33708191146938CD004B2645 /* PaoPaoCommon.h */ = {isa = PBXFileReference; fileEncoding = 4; lastKnownFileType = sourcecode.c.h; path = PaoPaoCommon.h; sourceTree = "<group>"; };
		33708192146938CD004B2645 /* PaoPaoCommon.m */ = {isa = PBXFileReference; fileEncoding = 4; lastKnownFileType = sourcecode.c.objc; path = PaoPaoCommon.m; sourceTree = "<group>"; };
		3370819414693997004B2645 /* PaoPaoConstant.h */ = {isa = PBXFileReference; fileEncoding = 4; lastKnownFileType = sourcecode.c.h; path = PaoPaoConstant.h; sourceTree = "<group>"; };
		3395E66D146A0FED00733469 /* MainSegmentViewController.h */ = {isa = PBXFileReference; fileEncoding = 4; lastKnownFileType = sourcecode.c.h; path = MainSegmentViewController.h; sourceTree = "<group>"; };
		3395E66E146A0FED00733469 /* MainSegmentViewController.m */ = {isa = PBXFileReference; fileEncoding = 4; lastKnownFileType = sourcecode.c.objc; path = MainSegmentViewController.m; sourceTree = "<group>"; };
		3395E6BF146A68F100733469 /* MainViewController.h */ = {isa = PBXFileReference; fileEncoding = 4; lastKnownFileType = sourcecode.c.h; path = MainViewController.h; sourceTree = "<group>"; };
		3395E6C0146A68F100733469 /* MainViewController.m */ = {isa = PBXFileReference; fileEncoding = 4; lastKnownFileType = sourcecode.c.objc; path = MainViewController.m; sourceTree = "<group>"; };
		3395E6C3146A690B00733469 /* MainViewCell.h */ = {isa = PBXFileReference; fileEncoding = 4; lastKnownFileType = sourcecode.c.h; path = MainViewCell.h; sourceTree = "<group>"; };
		3395E6C4146A690B00733469 /* MainViewCell.m */ = {isa = PBXFileReference; fileEncoding = 4; lastKnownFileType = sourcecode.c.objc; path = MainViewCell.m; sourceTree = "<group>"; };
		339E66DE1467DA260097747E /* Localizable.strings */ = {isa = PBXFileReference; fileEncoding = 4; lastKnownFileType = text.plist.strings; path = Localizable.strings; sourceTree = "<group>"; };
		33A9F29D146BA925004F55DE /* PopoverPickerViewController.h */ = {isa = PBXFileReference; fileEncoding = 4; lastKnownFileType = sourcecode.c.h; path = PopoverPickerViewController.h; sourceTree = "<group>"; };
		33A9F29E146BA926004F55DE /* PopoverPickerViewController.m */ = {isa = PBXFileReference; fileEncoding = 4; lastKnownFileType = sourcecode.c.objc; path = PopoverPickerViewController.m; sourceTree = "<group>"; };
		33A9F328146BD350004F55DE /* tab-friend-selected.png */ = {isa = PBXFileReference; lastKnownFileType = image.png; path = "tab-friend-selected.png"; sourceTree = "<group>"; };
		33A9F329146BD350004F55DE /* tab-friend.png */ = {isa = PBXFileReference; lastKnownFileType = image.png; path = "tab-friend.png"; sourceTree = "<group>"; };
		33A9F32A146BD350004F55DE /* tab-home-selected.png */ = {isa = PBXFileReference; lastKnownFileType = image.png; path = "tab-home-selected.png"; sourceTree = "<group>"; };
		33A9F32B146BD350004F55DE /* tab-home.png */ = {isa = PBXFileReference; lastKnownFileType = image.png; path = "tab-home.png"; sourceTree = "<group>"; };
		33A9F32C146BD350004F55DE /* tab-live-feed-selected.png */ = {isa = PBXFileReference; lastKnownFileType = image.png; path = "tab-live-feed-selected.png"; sourceTree = "<group>"; };
		33A9F32D146BD350004F55DE /* tab-live-feed.png */ = {isa = PBXFileReference; lastKnownFileType = image.png; path = "tab-live-feed.png"; sourceTree = "<group>"; };
		33A9F32E146BD350004F55DE /* tab-my-profile-selected.png */ = {isa = PBXFileReference; lastKnownFileType = image.png; path = "tab-my-profile-selected.png"; sourceTree = "<group>"; };
		33A9F32F146BD350004F55DE /* tab-my-profile.png */ = {isa = PBXFileReference; lastKnownFileType = image.png; path = "tab-my-profile.png"; sourceTree = "<group>"; };
		33A9F330146BD350004F55DE /* tab-search-selected.png */ = {isa = PBXFileReference; lastKnownFileType = image.png; path = "tab-search-selected.png"; sourceTree = "<group>"; };
		33A9F331146BD350004F55DE /* tab-search.png */ = {isa = PBXFileReference; lastKnownFileType = image.png; path = "tab-search.png"; sourceTree = "<group>"; };
		33A9F333146BD350004F55DE /* bad.png */ = {isa = PBXFileReference; lastKnownFileType = image.png; path = bad.png; sourceTree = "<group>"; };
		33A9F334146BD350004F55DE /* bar-details-bg.png */ = {isa = PBXFileReference; lastKnownFileType = image.png; path = "bar-details-bg.png"; sourceTree = "<group>"; };
		33A9F335146BD350004F55DE /* bar-icon-bg.png */ = {isa = PBXFileReference; lastKnownFileType = image.png; path = "bar-icon-bg.png"; sourceTree = "<group>"; };
		33A9F336146BD350004F55DE /* bar-info-bg.png */ = {isa = PBXFileReference; lastKnownFileType = image.png; path = "bar-info-bg.png"; sourceTree = "<group>"; };
		33A9F337146BD350004F55DE /* bar-map-bg.png */ = {isa = PBXFileReference; lastKnownFileType = image.png; path = "bar-map-bg.png"; sourceTree = "<group>"; };
		33A9F338146BD350004F55DE /* friends-icon-bg.png */ = {isa = PBXFileReference; lastKnownFileType = image.png; path = "friends-icon-bg.png"; sourceTree = "<group>"; };
		33A9F339146BD350004F55DE /* good.png */ = {isa = PBXFileReference; lastKnownFileType = image.png; path = good.png; sourceTree = "<group>"; };
		33A9F33A146BD350004F55DE /* grey-star.png */ = {isa = PBXFileReference; lastKnownFileType = image.png; path = "grey-star.png"; sourceTree = "<group>"; };
		33A9F33B146BD350004F55DE /* search-alcohol-selected.png */ = {isa = PBXFileReference; lastKnownFileType = image.png; path = "search-alcohol-selected.png"; sourceTree = "<group>"; };
		33A9F33C146BD350004F55DE /* search-alcohol.png */ = {isa = PBXFileReference; lastKnownFileType = image.png; path = "search-alcohol.png"; sourceTree = "<group>"; };
		33A9F33D146BD350004F55DE /* search-bg.png */ = {isa = PBXFileReference; lastKnownFileType = image.png; path = "search-bg.png"; sourceTree = "<group>"; };
		33A9F33E146BD350004F55DE /* search-friends-selected.png */ = {isa = PBXFileReference; lastKnownFileType = image.png; path = "search-friends-selected.png"; sourceTree = "<group>"; };
		33A9F33F146BD350004F55DE /* search-friends.png */ = {isa = PBXFileReference; lastKnownFileType = image.png; path = "search-friends.png"; sourceTree = "<group>"; };
		33A9F340146BD350004F55DE /* search-place-selected.png */ = {isa = PBXFileReference; lastKnownFileType = image.png; path = "search-place-selected.png"; sourceTree = "<group>"; };
		33A9F341146BD350004F55DE /* search-place.png */ = {isa = PBXFileReference; lastKnownFileType = image.png; path = "search-place.png"; sourceTree = "<group>"; };
		33A9F342146BD350004F55DE /* star.png */ = {isa = PBXFileReference; lastKnownFileType = image.png; path = star.png; sourceTree = "<group>"; };
		33A9F343146BD350004F55DE /* Thumbs.db */ = {isa = PBXFileReference; lastKnownFileType = file; path = Thumbs.db; sourceTree = "<group>"; };
		33A9F344146BD350004F55DE /* upload-selected.png */ = {isa = PBXFileReference; lastKnownFileType = image.png; path = "upload-selected.png"; sourceTree = "<group>"; };
		33A9F345146BD350004F55DE /* upload.png */ = {isa = PBXFileReference; lastKnownFileType = image.png; path = upload.png; sourceTree = "<group>"; };
		33A9F346146BD350004F55DE /* upload1-selected.png */ = {isa = PBXFileReference; lastKnownFileType = image.png; path = "upload1-selected.png"; sourceTree = "<group>"; };
		33A9F347146BD350004F55DE /* upload2.png */ = {isa = PBXFileReference; lastKnownFileType = image.png; path = upload2.png; sourceTree = "<group>"; };
		33A9F348146BD350004F55DE /* wine-detail.png */ = {isa = PBXFileReference; lastKnownFileType = image.png; path = "wine-detail.png"; sourceTree = "<group>"; };
		33A9F349146BD350004F55DE /* wine-icon-bg.png */ = {isa = PBXFileReference; lastKnownFileType = image.png; path = "wine-icon-bg.png"; sourceTree = "<group>"; };
		33A9F36B146BD3A2004F55DE /* beer.png */ = {isa = PBXFileReference; lastKnownFileType = image.png; path = beer.png; sourceTree = "<group>"; };
		33A9F36C146BD3A2004F55DE /* cocktail.png */ = {isa = PBXFileReference; lastKnownFileType = image.png; path = cocktail.png; sourceTree = "<group>"; };
		33A9F36D146BD3A2004F55DE /* grey-bg.png */ = {isa = PBXFileReference; lastKnownFileType = image.png; path = "grey-bg.png"; sourceTree = "<group>"; };
		33A9F36E146BD3A2004F55DE /* header-bg.png */ = {isa = PBXFileReference; lastKnownFileType = image.png; path = "header-bg.png"; sourceTree = "<group>"; };
		33A9F36F146BD3A2004F55DE /* login.png */ = {isa = PBXFileReference; lastKnownFileType = image.png; path = login.png; sourceTree = "<group>"; };
		33A9F370146BD3A2004F55DE /* nav-bg.png */ = {isa = PBXFileReference; lastKnownFileType = image.png; path = "nav-bg.png"; sourceTree = "<group>"; };
		33A9F371146BD3A2004F55DE /* nav-gap.png */ = {isa = PBXFileReference; lastKnownFileType = image.png; path = "nav-gap.png"; sourceTree = "<group>"; };
		33A9F372146BD3A2004F55DE /* nav-hover.png */ = {isa = PBXFileReference; lastKnownFileType = image.png; path = "nav-hover.png"; sourceTree = "<group>"; };
		33A9F373146BD3A2004F55DE /* pink-bg.png */ = {isa = PBXFileReference; lastKnownFileType = image.png; path = "pink-bg.png"; sourceTree = "<group>"; };
		33A9F374146BD3A2004F55DE /* register.png */ = {isa = PBXFileReference; lastKnownFileType = image.png; path = register.png; sourceTree = "<group>"; };
		33A9F375146BD3A2004F55DE /* right-arrow.png */ = {isa = PBXFileReference; lastKnownFileType = image.png; path = "right-arrow.png"; sourceTree = "<group>"; };
		33A9F376146BD3A2004F55DE /* send.png */ = {isa = PBXFileReference; lastKnownFileType = image.png; path = send.png; sourceTree = "<group>"; };
		33A9F377146BD3A2004F55DE /* white-bg.png */ = {isa = PBXFileReference; lastKnownFileType = image.png; path = "white-bg.png"; sourceTree = "<group>"; };
		33C4BC40146CB2ED00A09952 /* StarMarkView.h */ = {isa = PBXFileReference; fileEncoding = 4; lastKnownFileType = sourcecode.c.h; path = StarMarkView.h; sourceTree = "<group>"; };
		33C4BC41146CB2ED00A09952 /* StarMarkView.m */ = {isa = PBXFileReference; fileEncoding = 4; lastKnownFileType = sourcecode.c.objc; path = StarMarkView.m; sourceTree = "<group>"; };
		33D4DF651467CD0D00CFE105 /* 9PaoPao-Prefix.pch */ = {isa = PBXFileReference; fileEncoding = 4; lastKnownFileType = sourcecode.c.h; name = "9PaoPao-Prefix.pch"; path = "Application Classes/9PaoPao-Prefix.pch"; sourceTree = "<group>"; };
		33D4DF661467CD0D00CFE105 /* main.m */ = {isa = PBXFileReference; fileEncoding = 4; lastKnownFileType = sourcecode.c.objc; name = main.m; path = "Application Classes/main.m"; sourceTree = "<group>"; };
		33D4DF6C1467CD3400CFE105 /* AppDelegate.h */ = {isa = PBXFileReference; fileEncoding = 4; lastKnownFileType = sourcecode.c.h; path = AppDelegate.h; sourceTree = "<group>"; };
		33D4DF6D1467CD3400CFE105 /* AppDelegate.m */ = {isa = PBXFileReference; fileEncoding = 4; lastKnownFileType = sourcecode.c.objc; path = AppDelegate.m; sourceTree = "<group>"; };
		33D4DF7F1467CE4100CFE105 /* 9PaoPao-Info.plist */ = {isa = PBXFileReference; fileEncoding = 4; lastKnownFileType = text.plist.xml; name = "9PaoPao-Info.plist"; path = "Application Classes/9PaoPao-Info.plist"; sourceTree = "<group>"; };
		33D4DF811467D24100CFE105 /* GatewayViewController.h */ = {isa = PBXFileReference; fileEncoding = 4; lastKnownFileType = sourcecode.c.h; path = GatewayViewController.h; sourceTree = "<group>"; };
		33D4DF821467D24100CFE105 /* GatewayViewController.m */ = {isa = PBXFileReference; fileEncoding = 4; lastKnownFileType = sourcecode.c.objc; path = GatewayViewController.m; sourceTree = "<group>"; };
		930EC52E146A8526000A675D /* TellFavoriteViewController.h */ = {isa = PBXFileReference; fileEncoding = 4; lastKnownFileType = sourcecode.c.h; path = TellFavoriteViewController.h; sourceTree = "<group>"; };
		930EC52F146A8526000A675D /* TellFavoriteViewController.m */ = {isa = PBXFileReference; fileEncoding = 4; lastKnownFileType = sourcecode.c.objc; path = TellFavoriteViewController.m; sourceTree = "<group>"; };
		93B35127146BE79300B25A0C /* BarDetail.h */ = {isa = PBXFileReference; fileEncoding = 4; lastKnownFileType = sourcecode.c.h; path = BarDetail.h; sourceTree = "<group>"; };
		93B35128146BE79300B25A0C /* BarDetail.m */ = {isa = PBXFileReference; fileEncoding = 4; lastKnownFileType = sourcecode.c.objc; path = BarDetail.m; sourceTree = "<group>"; };
		93B35133146BEEF500B25A0C /* BarDetailViewController.h */ = {isa = PBXFileReference; fileEncoding = 4; lastKnownFileType = sourcecode.c.h; path = BarDetailViewController.h; sourceTree = "<group>"; };
		93B35134146BEEF500B25A0C /* BarDetailViewController.m */ = {isa = PBXFileReference; fileEncoding = 4; lastKnownFileType = sourcecode.c.objc; path = BarDetailViewController.m; sourceTree = "<group>"; };
		93B35136146BEF1400B25A0C /* BarDetailCell.h */ = {isa = PBXFileReference; fileEncoding = 4; lastKnownFileType = sourcecode.c.h; path = BarDetailCell.h; sourceTree = "<group>"; };
		93B35137146BEF1500B25A0C /* BarDetailCell.m */ = {isa = PBXFileReference; fileEncoding = 4; lastKnownFileType = sourcecode.c.objc; path = BarDetailCell.m; sourceTree = "<group>"; };
/* End PBXFileReference section */

/* Begin PBXFrameworksBuildPhase section */
		18A0048B1464CF100015EC68 /* Frameworks */ = {
			isa = PBXFrameworksBuildPhase;
			buildActionMask = 2147483647;
			files = (
				18A004931464CF100015EC68 /* UIKit.framework in Frameworks */,
				18A004951464CF100015EC68 /* Foundation.framework in Frameworks */,
				18A004971464CF100015EC68 /* CoreGraphics.framework in Frameworks */,
			);
			runOnlyForDeploymentPostprocessing = 0;
		};
		18A004B91464CF110015EC68 /* Frameworks */ = {
			isa = PBXFrameworksBuildPhase;
			buildActionMask = 2147483647;
			files = (
				18A004BF1464CF110015EC68 /* SenTestingKit.framework in Frameworks */,
				18A004C01464CF110015EC68 /* UIKit.framework in Frameworks */,
				18A004C11464CF110015EC68 /* Foundation.framework in Frameworks */,
			);
			runOnlyForDeploymentPostprocessing = 0;
		};
/* End PBXFrameworksBuildPhase section */

/* Begin PBXGroup section */
		18A004831464CF100015EC68 = {
			isa = PBXGroup;
			children = (
				18A004981464CF100015EC68 /* 9PaoPao */,
				18A004C41464CF110015EC68 /* 9PaoPaoTests */,
				18A004911464CF100015EC68 /* Frameworks */,
				18A0048F1464CF100015EC68 /* Products */,
			);
			sourceTree = "<group>";
		};
		18A0048F1464CF100015EC68 /* Products */ = {
			isa = PBXGroup;
			children = (
				18A0048E1464CF100015EC68 /* 9PaoPao.app */,
				18A004BD1464CF110015EC68 /* 9PaoPaoTests.octest */,
			);
			name = Products;
			sourceTree = "<group>";
		};
		18A004911464CF100015EC68 /* Frameworks */ = {
			isa = PBXGroup;
			children = (
				18A004921464CF100015EC68 /* UIKit.framework */,
				18A004941464CF100015EC68 /* Foundation.framework */,
				18A004961464CF100015EC68 /* CoreGraphics.framework */,
				18A004BE1464CF110015EC68 /* SenTestingKit.framework */,
			);
			name = Frameworks;
			sourceTree = "<group>";
		};
		18A004981464CF100015EC68 /* 9PaoPao */ = {
			isa = PBXGroup;
			children = (
				33708190146938A0004B2645 /* Common */,
				33D4DF721467CD5900CFE105 /* Controllers */,
				33D4DF731467CD5900CFE105 /* Resources */,
				33D4DF791467CD5900CFE105 /* ViewController */,
				33D4DF7A1467CD5900CFE105 /* Views */,
				33D4DF691467CD3400CFE105 /* Application Classes */,
				18A004991464CF100015EC68 /* Supporting Files */,
			);
			path = 9PaoPao;
			sourceTree = "<group>";
		};
		18A004991464CF100015EC68 /* Supporting Files */ = {
			isa = PBXGroup;
			children = (
				33D4DF7F1467CE4100CFE105 /* 9PaoPao-Info.plist */,
				18A004A41464CF110015EC68 /* MainStoryboard_iPhone.storyboard */,
				18A004A71464CF110015EC68 /* MainStoryboard_iPad.storyboard */,
				33D4DF651467CD0D00CFE105 /* 9PaoPao-Prefix.pch */,
				33D4DF661467CD0D00CFE105 /* main.m */,
				18A0049B1464CF100015EC68 /* InfoPlist.strings */,
				339E66DE1467DA260097747E /* Localizable.strings */,
			);
			name = "Supporting Files";
			sourceTree = "<group>";
		};
		18A004C41464CF110015EC68 /* 9PaoPaoTests */ = {
			isa = PBXGroup;
			children = (
				18A004CA1464CF110015EC68 /* _PaoPaoTests.h */,
				18A004CB1464CF110015EC68 /* _PaoPaoTests.m */,
				18A004C51464CF110015EC68 /* Supporting Files */,
			);
			path = 9PaoPaoTests;
			sourceTree = "<group>";
		};
		18A004C51464CF110015EC68 /* Supporting Files */ = {
			isa = PBXGroup;
			children = (
				18A004C61464CF110015EC68 /* 9PaoPaoTests-Info.plist */,
				18A004C71464CF110015EC68 /* InfoPlist.strings */,
			);
			name = "Supporting Files";
			sourceTree = "<group>";
		};
		33708190146938A0004B2645 /* Common */ = {
			isa = PBXGroup;
			children = (
				33708191146938CD004B2645 /* PaoPaoCommon.h */,
				33708192146938CD004B2645 /* PaoPaoCommon.m */,
				3370819414693997004B2645 /* PaoPaoConstant.h */,
				93B35127146BE79300B25A0C /* BarDetail.h */,
				93B35128146BE79300B25A0C /* BarDetail.m */,
			);
			path = Common;
			sourceTree = "<group>";
		};
		33A9F327146BD350004F55DE /* icons */ = {
			isa = PBXGroup;
			children = (
				33A9F36B146BD3A2004F55DE /* beer.png */,
				33A9F36C146BD3A2004F55DE /* cocktail.png */,
				33A9F36D146BD3A2004F55DE /* grey-bg.png */,
				33A9F36E146BD3A2004F55DE /* header-bg.png */,
				33A9F36F146BD3A2004F55DE /* login.png */,
				33A9F370146BD3A2004F55DE /* nav-bg.png */,
				33A9F371146BD3A2004F55DE /* nav-gap.png */,
				33A9F372146BD3A2004F55DE /* nav-hover.png */,
				33A9F373146BD3A2004F55DE /* pink-bg.png */,
				33A9F374146BD3A2004F55DE /* register.png */,
				33A9F375146BD3A2004F55DE /* right-arrow.png */,
				33A9F376146BD3A2004F55DE /* send.png */,
				33A9F377146BD3A2004F55DE /* white-bg.png */,
				33A9F328146BD350004F55DE /* tab-friend-selected.png */,
				33A9F329146BD350004F55DE /* tab-friend.png */,
				33A9F32A146BD350004F55DE /* tab-home-selected.png */,
				33A9F32B146BD350004F55DE /* tab-home.png */,
				33A9F32C146BD350004F55DE /* tab-live-feed-selected.png */,
				33A9F32D146BD350004F55DE /* tab-live-feed.png */,
				33A9F32E146BD350004F55DE /* tab-my-profile-selected.png */,
				33A9F32F146BD350004F55DE /* tab-my-profile.png */,
				33A9F330146BD350004F55DE /* tab-search-selected.png */,
				33A9F331146BD350004F55DE /* tab-search.png */,
			);
			path = icons;
			sourceTree = "<group>";
		};
		33A9F332146BD350004F55DE /* search-nearby */ = {
			isa = PBXGroup;
			children = (
				33A9F333146BD350004F55DE /* bad.png */,
				33A9F334146BD350004F55DE /* bar-details-bg.png */,
				33A9F335146BD350004F55DE /* bar-icon-bg.png */,
				33A9F336146BD350004F55DE /* bar-info-bg.png */,
				33A9F337146BD350004F55DE /* bar-map-bg.png */,
				33A9F338146BD350004F55DE /* friends-icon-bg.png */,
				33A9F339146BD350004F55DE /* good.png */,
				33A9F33A146BD350004F55DE /* grey-star.png */,
				33A9F33B146BD350004F55DE /* search-alcohol-selected.png */,
				33A9F33C146BD350004F55DE /* search-alcohol.png */,
				33A9F33D146BD350004F55DE /* search-bg.png */,
				33A9F33E146BD350004F55DE /* search-friends-selected.png */,
				33A9F33F146BD350004F55DE /* search-friends.png */,
				33A9F340146BD350004F55DE /* search-place-selected.png */,
				33A9F341146BD350004F55DE /* search-place.png */,
				33A9F342146BD350004F55DE /* star.png */,
				33A9F343146BD350004F55DE /* Thumbs.db */,
				33A9F344146BD350004F55DE /* upload-selected.png */,
				33A9F345146BD350004F55DE /* upload.png */,
				33A9F346146BD350004F55DE /* upload1-selected.png */,
				33A9F347146BD350004F55DE /* upload2.png */,
				33A9F348146BD350004F55DE /* wine-detail.png */,
				33A9F349146BD350004F55DE /* wine-icon-bg.png */,
			);
			path = "search-nearby";
			sourceTree = "<group>";
		};
		33D4DF691467CD3400CFE105 /* Application Classes */ = {
			isa = PBXGroup;
			children = (
				33D4DF6C1467CD3400CFE105 /* AppDelegate.h */,
				33D4DF6D1467CD3400CFE105 /* AppDelegate.m */,
			);
			path = "Application Classes";
			sourceTree = "<group>";
		};
		33D4DF721467CD5900CFE105 /* Controllers */ = {
			isa = PBXGroup;
			children = (
			);
			path = Controllers;
			sourceTree = "<group>";
		};
		33D4DF731467CD5900CFE105 /* Resources */ = {
			isa = PBXGroup;
			children = (
				33D4DF741467CD5900CFE105 /* Image */,
			);
			path = Resources;
			sourceTree = "<group>";
		};
		33D4DF741467CD5900CFE105 /* Image */ = {
			isa = PBXGroup;
			children = (
				33A9F327146BD350004F55DE /* icons */,
				33A9F332146BD350004F55DE /* search-nearby */,
			);
			path = Image;
			sourceTree = "<group>";
		};
		33D4DF791467CD5900CFE105 /* ViewController */ = {
			isa = PBXGroup;
			children = (
				930EC52E146A8526000A675D /* TellFavoriteViewController.h */,
				930EC52F146A8526000A675D /* TellFavoriteViewController.m */,
				3395E6BF146A68F100733469 /* MainViewController.h */,
				3395E6C0146A68F100733469 /* MainViewController.m */,
				3395E66D146A0FED00733469 /* MainSegmentViewController.h */,
				3395E66E146A0FED00733469 /* MainSegmentViewController.m */,
				337081561469068A004B2645 /* SearchNearbyViewController.h */,
				337081571469068A004B2645 /* SearchNearbyViewController.m */,
				33D4DF811467D24100CFE105 /* GatewayViewController.h */,
				33D4DF821467D24100CFE105 /* GatewayViewController.m */,
				33A9F29D146BA925004F55DE /* PopoverPickerViewController.h */,
				33A9F29E146BA926004F55DE /* PopoverPickerViewController.m */,
				93B35133146BEEF500B25A0C /* BarDetailViewController.h */,
				93B35134146BEEF500B25A0C /* BarDetailViewController.m */,
			);
			path = ViewController;
			sourceTree = "<group>";
		};
		33D4DF7A1467CD5900CFE105 /* Views */ = {
			isa = PBXGroup;
			children = (
				3395E6C3146A690B00733469 /* MainViewCell.h */,
				3395E6C4146A690B00733469 /* MainViewCell.m */,
				93B35136146BEF1400B25A0C /* BarDetailCell.h */,
				93B35137146BEF1500B25A0C /* BarDetailCell.m */,
				33C4BC40146CB2ED00A09952 /* StarMarkView.h */,
				33C4BC41146CB2ED00A09952 /* StarMarkView.m */,
			);
			path = Views;
			sourceTree = "<group>";
		};
/* End PBXGroup section */

/* Begin PBXNativeTarget section */
		18A0048D1464CF100015EC68 /* 9PaoPao */ = {
			isa = PBXNativeTarget;
			buildConfigurationList = 18A004CF1464CF110015EC68 /* Build configuration list for PBXNativeTarget "9PaoPao" */;
			buildPhases = (
				18A0048A1464CF100015EC68 /* Sources */,
				18A0048B1464CF100015EC68 /* Frameworks */,
				18A0048C1464CF100015EC68 /* Resources */,
			);
			buildRules = (
			);
			dependencies = (
			);
			name = 9PaoPao;
			productName = 9PaoPao;
			productReference = 18A0048E1464CF100015EC68 /* 9PaoPao.app */;
			productType = "com.apple.product-type.application";
		};
		18A004BC1464CF110015EC68 /* 9PaoPaoTests */ = {
			isa = PBXNativeTarget;
			buildConfigurationList = 18A004D21464CF110015EC68 /* Build configuration list for PBXNativeTarget "9PaoPaoTests" */;
			buildPhases = (
				18A004B81464CF110015EC68 /* Sources */,
				18A004B91464CF110015EC68 /* Frameworks */,
				18A004BA1464CF110015EC68 /* Resources */,
				18A004BB1464CF110015EC68 /* ShellScript */,
			);
			buildRules = (
			);
			dependencies = (
				18A004C31464CF110015EC68 /* PBXTargetDependency */,
			);
			name = 9PaoPaoTests;
			productName = 9PaoPaoTests;
			productReference = 18A004BD1464CF110015EC68 /* 9PaoPaoTests.octest */;
			productType = "com.apple.product-type.bundle";
		};
/* End PBXNativeTarget section */

/* Begin PBXProject section */
		18A004851464CF100015EC68 /* Project object */ = {
			isa = PBXProject;
			attributes = {
				LastUpgradeCheck = 0420;
			};
			buildConfigurationList = 18A004881464CF100015EC68 /* Build configuration list for PBXProject "9PaoPao" */;
			compatibilityVersion = "Xcode 3.2";
			developmentRegion = English;
			hasScannedForEncodings = 0;
			knownRegions = (
				en,
			);
			mainGroup = 18A004831464CF100015EC68;
			productRefGroup = 18A0048F1464CF100015EC68 /* Products */;
			projectDirPath = "";
			projectRoot = "";
			targets = (
				18A0048D1464CF100015EC68 /* 9PaoPao */,
				18A004BC1464CF110015EC68 /* 9PaoPaoTests */,
			);
		};
/* End PBXProject section */

/* Begin PBXResourcesBuildPhase section */
		18A0048C1464CF100015EC68 /* Resources */ = {
			isa = PBXResourcesBuildPhase;
			buildActionMask = 2147483647;
			files = (
				18A0049D1464CF100015EC68 /* InfoPlist.strings in Resources */,
				18A004A61464CF110015EC68 /* MainStoryboard_iPhone.storyboard in Resources */,
				18A004A91464CF110015EC68 /* MainStoryboard_iPad.storyboard in Resources */,
				339E66DF1467DA260097747E /* Localizable.strings in Resources */,
				33A9F34A146BD350004F55DE /* tab-friend-selected.png in Resources */,
				33A9F34B146BD350004F55DE /* tab-friend.png in Resources */,
				33A9F34C146BD350004F55DE /* tab-home-selected.png in Resources */,
				33A9F34D146BD350004F55DE /* tab-home.png in Resources */,
				33A9F34E146BD350004F55DE /* tab-live-feed-selected.png in Resources */,
				33A9F34F146BD350004F55DE /* tab-live-feed.png in Resources */,
				33A9F350146BD350004F55DE /* tab-my-profile-selected.png in Resources */,
				33A9F351146BD350004F55DE /* tab-my-profile.png in Resources */,
				33A9F352146BD350004F55DE /* tab-search-selected.png in Resources */,
				33A9F353146BD350004F55DE /* tab-search.png in Resources */,
				33A9F354146BD350004F55DE /* bad.png in Resources */,
				33A9F355146BD350004F55DE /* bar-details-bg.png in Resources */,
				33A9F356146BD350004F55DE /* bar-icon-bg.png in Resources */,
				33A9F357146BD350004F55DE /* bar-info-bg.png in Resources */,
				33A9F358146BD350004F55DE /* bar-map-bg.png in Resources */,
				33A9F359146BD350004F55DE /* friends-icon-bg.png in Resources */,
				33A9F35A146BD350004F55DE /* good.png in Resources */,
				33A9F35B146BD350004F55DE /* grey-star.png in Resources */,
				33A9F35C146BD350004F55DE /* search-alcohol-selected.png in Resources */,
				33A9F35D146BD350004F55DE /* search-alcohol.png in Resources */,
				33A9F35E146BD350004F55DE /* search-bg.png in Resources */,
				33A9F35F146BD350004F55DE /* search-friends-selected.png in Resources */,
				33A9F360146BD350004F55DE /* search-friends.png in Resources */,
				33A9F361146BD350004F55DE /* search-place-selected.png in Resources */,
				33A9F362146BD350004F55DE /* search-place.png in Resources */,
				33A9F363146BD350004F55DE /* star.png in Resources */,
				33A9F364146BD350004F55DE /* Thumbs.db in Resources */,
				33A9F365146BD350004F55DE /* upload-selected.png in Resources */,
				33A9F366146BD350004F55DE /* upload.png in Resources */,
				33A9F367146BD350004F55DE /* upload1-selected.png in Resources */,
				33A9F368146BD350004F55DE /* upload2.png in Resources */,
				33A9F369146BD350004F55DE /* wine-detail.png in Resources */,
				33A9F36A146BD350004F55DE /* wine-icon-bg.png in Resources */,
				33A9F378146BD3A2004F55DE /* beer.png in Resources */,
				33A9F379146BD3A2004F55DE /* cocktail.png in Resources */,
				33A9F37A146BD3A2004F55DE /* grey-bg.png in Resources */,
				33A9F37B146BD3A2004F55DE /* header-bg.png in Resources */,
				33A9F37C146BD3A2004F55DE /* login.png in Resources */,
				33A9F37D146BD3A2004F55DE /* nav-bg.png in Resources */,
				33A9F37E146BD3A2004F55DE /* nav-gap.png in Resources */,
				33A9F37F146BD3A2004F55DE /* nav-hover.png in Resources */,
				33A9F380146BD3A2004F55DE /* pink-bg.png in Resources */,
				33A9F381146BD3A2004F55DE /* register.png in Resources */,
				33A9F382146BD3A2004F55DE /* right-arrow.png in Resources */,
				33A9F383146BD3A2004F55DE /* send.png in Resources */,
				33A9F384146BD3A2004F55DE /* white-bg.png in Resources */,
			);
			runOnlyForDeploymentPostprocessing = 0;
		};
		18A004BA1464CF110015EC68 /* Resources */ = {
			isa = PBXResourcesBuildPhase;
			buildActionMask = 2147483647;
			files = (
				18A004C91464CF110015EC68 /* InfoPlist.strings in Resources */,
			);
			runOnlyForDeploymentPostprocessing = 0;
		};
/* End PBXResourcesBuildPhase section */

/* Begin PBXShellScriptBuildPhase section */
		18A004BB1464CF110015EC68 /* ShellScript */ = {
			isa = PBXShellScriptBuildPhase;
			buildActionMask = 2147483647;
			files = (
			);
			inputPaths = (
			);
			outputPaths = (
			);
			runOnlyForDeploymentPostprocessing = 0;
			shellPath = /bin/sh;
			shellScript = "# Run the unit tests in this test bundle.\n\"${SYSTEM_DEVELOPER_DIR}/Tools/RunUnitTests\"\n";
		};
/* End PBXShellScriptBuildPhase section */

/* Begin PBXSourcesBuildPhase section */
		18A0048A1464CF100015EC68 /* Sources */ = {
			isa = PBXSourcesBuildPhase;
			buildActionMask = 2147483647;
			files = (
				33D4DF681467CD0D00CFE105 /* main.m in Sources */,
				33D4DF701467CD3400CFE105 /* AppDelegate.m in Sources */,
				33D4DF831467D24100CFE105 /* GatewayViewController.m in Sources */,
				337081581469068A004B2645 /* SearchNearbyViewController.m in Sources */,
				33708193146938CD004B2645 /* PaoPaoCommon.m in Sources */,
				3395E66F146A0FED00733469 /* MainSegmentViewController.m in Sources */,
				3395E6C1146A68F300733469 /* MainViewController.m in Sources */,
				3395E6C5146A690B00733469 /* MainViewCell.m in Sources */,
				930EC530146A8526000A675D /* TellFavoriteViewController.m in Sources */,
				33A9F29F146BA928004F55DE /* PopoverPickerViewController.m in Sources */,
				93B35129146BE79300B25A0C /* BarDetail.m in Sources */,
				93B35135146BEEF500B25A0C /* BarDetailViewController.m in Sources */,
				93B35138146BEF1500B25A0C /* BarDetailCell.m in Sources */,
				33C4BC42146CB2ED00A09952 /* StarMarkView.m in Sources */,
			);
			runOnlyForDeploymentPostprocessing = 0;
		};
		18A004B81464CF110015EC68 /* Sources */ = {
			isa = PBXSourcesBuildPhase;
			buildActionMask = 2147483647;
			files = (
				18A004CC1464CF110015EC68 /* _PaoPaoTests.m in Sources */,
			);
			runOnlyForDeploymentPostprocessing = 0;
		};
/* End PBXSourcesBuildPhase section */

/* Begin PBXTargetDependency section */
		18A004C31464CF110015EC68 /* PBXTargetDependency */ = {
			isa = PBXTargetDependency;
			target = 18A0048D1464CF100015EC68 /* 9PaoPao */;
			targetProxy = 18A004C21464CF110015EC68 /* PBXContainerItemProxy */;
		};
/* End PBXTargetDependency section */

/* Begin PBXVariantGroup section */
		18A0049B1464CF100015EC68 /* InfoPlist.strings */ = {
			isa = PBXVariantGroup;
			children = (
				18A0049C1464CF100015EC68 /* en */,
			);
			name = InfoPlist.strings;
			sourceTree = "<group>";
		};
		18A004A41464CF110015EC68 /* MainStoryboard_iPhone.storyboard */ = {
			isa = PBXVariantGroup;
			children = (
				18A004A51464CF110015EC68 /* en */,
			);
			name = MainStoryboard_iPhone.storyboard;
			sourceTree = "<group>";
		};
		18A004A71464CF110015EC68 /* MainStoryboard_iPad.storyboard */ = {
			isa = PBXVariantGroup;
			children = (
				18A004A81464CF110015EC68 /* en */,
			);
			name = MainStoryboard_iPad.storyboard;
			sourceTree = "<group>";
		};
		18A004C71464CF110015EC68 /* InfoPlist.strings */ = {
			isa = PBXVariantGroup;
			children = (
				18A004C81464CF110015EC68 /* en */,
			);
			name = InfoPlist.strings;
			sourceTree = "<group>";
		};
/* End PBXVariantGroup section */

/* Begin XCBuildConfiguration section */
		18A004CD1464CF110015EC68 /* Debug */ = {
			isa = XCBuildConfiguration;
			buildSettings = {
				ALWAYS_SEARCH_USER_PATHS = NO;
				ARCHS = "$(ARCHS_STANDARD_32_BIT)";
				CLANG_ENABLE_OBJC_ARC = YES;
				"CODE_SIGN_IDENTITY[sdk=iphoneos*]" = "iPhone Developer";
				COPY_PHASE_STRIP = NO;
				GCC_C_LANGUAGE_STANDARD = gnu99;
				GCC_DYNAMIC_NO_PIC = NO;
				GCC_OPTIMIZATION_LEVEL = 0;
				GCC_PREPROCESSOR_DEFINITIONS = (
					"DEBUG=1",
					"$(inherited)",
				);
				GCC_SYMBOLS_PRIVATE_EXTERN = NO;
				GCC_VERSION = com.apple.compilers.llvm.clang.1_0;
				GCC_WARN_ABOUT_MISSING_PROTOTYPES = YES;
				GCC_WARN_ABOUT_RETURN_TYPE = YES;
				GCC_WARN_UNUSED_VARIABLE = YES;
				IPHONEOS_DEPLOYMENT_TARGET = 4.3;
				SDKROOT = iphoneos;
				TARGETED_DEVICE_FAMILY = "1,2";
			};
			name = Debug;
		};
		18A004CE1464CF110015EC68 /* Release */ = {
			isa = XCBuildConfiguration;
			buildSettings = {
				ALWAYS_SEARCH_USER_PATHS = NO;
				ARCHS = "$(ARCHS_STANDARD_32_BIT)";
				CLANG_ENABLE_OBJC_ARC = YES;
				"CODE_SIGN_IDENTITY[sdk=iphoneos*]" = "iPhone Developer";
				COPY_PHASE_STRIP = YES;
				GCC_C_LANGUAGE_STANDARD = gnu99;
				GCC_VERSION = com.apple.compilers.llvm.clang.1_0;
				GCC_WARN_ABOUT_MISSING_PROTOTYPES = YES;
				GCC_WARN_ABOUT_RETURN_TYPE = YES;
				GCC_WARN_UNUSED_VARIABLE = YES;
				IPHONEOS_DEPLOYMENT_TARGET = 4.3;
				OTHER_CFLAGS = "-DNS_BLOCK_ASSERTIONS=1";
				SDKROOT = iphoneos;
				TARGETED_DEVICE_FAMILY = "1,2";
				VALIDATE_PRODUCT = YES;
			};
			name = Release;
		};
		18A004D01464CF110015EC68 /* Debug */ = {
			isa = XCBuildConfiguration;
			buildSettings = {
				GCC_PRECOMPILE_PREFIX_HEADER = YES;
				GCC_PREFIX_HEADER = "9PaoPao/Application Classes/9PaoPao-Prefix.pch";
				INFOPLIST_FILE = "9PaoPao/Application Classes/9PaoPao-Info.plist";
				IPHONEOS_DEPLOYMENT_TARGET = 4.3;
				PRODUCT_NAME = "$(TARGET_NAME)";
				WRAPPER_EXTENSION = app;
			};
			name = Debug;
		};
		18A004D11464CF110015EC68 /* Release */ = {
			isa = XCBuildConfiguration;
			buildSettings = {
				GCC_PRECOMPILE_PREFIX_HEADER = YES;
				GCC_PREFIX_HEADER = "9PaoPao/Application Classes/9PaoPao-Prefix.pch";
				INFOPLIST_FILE = "9PaoPao/Application Classes/9PaoPao-Info.plist";
				IPHONEOS_DEPLOYMENT_TARGET = 4.3;
				PRODUCT_NAME = "$(TARGET_NAME)";
				WRAPPER_EXTENSION = app;
			};
			name = Release;
		};
		18A004D31464CF110015EC68 /* Debug */ = {
			isa = XCBuildConfiguration;
			buildSettings = {
				BUNDLE_LOADER = "$(BUILT_PRODUCTS_DIR)/9PaoPao.app/9PaoPao";
				FRAMEWORK_SEARCH_PATHS = (
					"$(SDKROOT)/Developer/Library/Frameworks",
					"$(DEVELOPER_LIBRARY_DIR)/Frameworks",
				);
				GCC_PRECOMPILE_PREFIX_HEADER = YES;
				GCC_PREFIX_HEADER = "9PaoPao/9PaoPao-Prefix.pch";
				INFOPLIST_FILE = "9PaoPaoTests/9PaoPaoTests-Info.plist";
				PRODUCT_NAME = "$(TARGET_NAME)";
				TEST_HOST = "$(BUNDLE_LOADER)";
				WRAPPER_EXTENSION = octest;
			};
			name = Debug;
		};
		18A004D41464CF110015EC68 /* Release */ = {
			isa = XCBuildConfiguration;
			buildSettings = {
				BUNDLE_LOADER = "$(BUILT_PRODUCTS_DIR)/9PaoPao.app/9PaoPao";
				FRAMEWORK_SEARCH_PATHS = (
					"$(SDKROOT)/Developer/Library/Frameworks",
					"$(DEVELOPER_LIBRARY_DIR)/Frameworks",
				);
				GCC_PRECOMPILE_PREFIX_HEADER = YES;
				GCC_PREFIX_HEADER = "9PaoPao/9PaoPao-Prefix.pch";
				INFOPLIST_FILE = "9PaoPaoTests/9PaoPaoTests-Info.plist";
				PRODUCT_NAME = "$(TARGET_NAME)";
				TEST_HOST = "$(BUNDLE_LOADER)";
				WRAPPER_EXTENSION = octest;
			};
			name = Release;
		};
/* End XCBuildConfiguration section */

/* Begin XCConfigurationList section */
		18A004881464CF100015EC68 /* Build configuration list for PBXProject "9PaoPao" */ = {
			isa = XCConfigurationList;
			buildConfigurations = (
				18A004CD1464CF110015EC68 /* Debug */,
				18A004CE1464CF110015EC68 /* Release */,
			);
			defaultConfigurationIsVisible = 0;
			defaultConfigurationName = Release;
		};
		18A004CF1464CF110015EC68 /* Build configuration list for PBXNativeTarget "9PaoPao" */ = {
			isa = XCConfigurationList;
			buildConfigurations = (
				18A004D01464CF110015EC68 /* Debug */,
				18A004D11464CF110015EC68 /* Release */,
			);
			defaultConfigurationIsVisible = 0;
			defaultConfigurationName = Release;
		};
		18A004D21464CF110015EC68 /* Build configuration list for PBXNativeTarget "9PaoPaoTests" */ = {
			isa = XCConfigurationList;
			buildConfigurations = (
				18A004D31464CF110015EC68 /* Debug */,
				18A004D41464CF110015EC68 /* Release */,
			);
			defaultConfigurationIsVisible = 0;
			defaultConfigurationName = Release;
		};
/* End XCConfigurationList section */
	};
	rootObject = 18A004851464CF100015EC68 /* Project object */;
}
